# This file is automatically @generated by Cargo.
# It is not intended for manual editing.
version = 3

[[package]]
name = "libc"
version = "0.2.142"
source = "registry+https://github.com/rust-lang/crates.io-index"
checksum = "6a987beff54b60ffa6d51982e1aa1146bc42f19bd26be28b0586f252fccf5317"

[[package]]
name = "pkg-config"
version = "0.3.26"
source = "registry+https://github.com/rust-lang/crates.io-index"
checksum = "6ac9a59f73473f1b8d852421e59e64809f025994837ef743615c6d0c5b305160"

[[package]]
name = "radio_receiver"
version = "0.1.0"
dependencies = [
 "rtlsdr_mt",
]

[[package]]
name = "rtlsdr_mt"
version = "2.2.0"
source = "git+https://github.com/kchmck/rtlsdr_mt.rs.git?branch=master#7c5807eff4c5942da5c06913b730fcf320c125c6"
dependencies = [
 "libc",
 "rtlsdr_sys",
]

[[package]]
name = "rtlsdr_sys"
version = "1.1.2"
source = "registry+https://github.com/rust-lang/crates.io-index"
checksum = "5b10767c93eb67d309e4e7530d5eb1e3ce2427fd48544e6488b03fb4ec255a67"
dependencies = [
 "libc",
 "pkg-config",
]
